lockfile_version: '1'
generated_at: '2026-05-04T08:46:07.610942+00:00'
apm_version: 0.11.0
dependencies:
- repo_url: JuliusBrussee/caveman
  host: github.com
  resolved_commit: c2ed24b3e5d412cd0c25197b2bc9af587621fd99
  resolved_ref: v1.6.0
  package_type: marketplace_plugin
  deployed_files:
  - .claude/skills/caveman
  - .claude/skills/caveman-commit
  - .claude/skills/caveman-help
  - .claude/skills/caveman-review
  - .claude/skills/compress
  content_hash: sha256:d1a27e3960950b4a3257aecc2ec41e6d04f0f039bf73b67727835e419a70c7e4
- repo_url: anthropics/skills
  host: github.com
  resolved_commit: 5128e1865d670f5d6c9cef000e6dfc4e951fb5b9
  package_type: marketplace_plugin
  deployed_files:
  - .claude/skills/algorithmic-art
  - .claude/skills/brand-guidelines
  - .claude/skills/canvas-design
  - .claude/skills/claude-api
  - .claude/skills/doc-coauthoring
  - .claude/skills/docx
  - .claude/skills/frontend-design
  - .claude/skills/internal-comms
  - .claude/skills/mcp-builder
  - .claude/skills/pdf
  - .claude/skills/pptx
  - .claude/skills/skill-creator
  - .claude/skills/slack-gif-creator
  - .claude/skills/theme-factory
  - .claude/skills/web-artifacts-builder
  - .claude/skills/webapp-testing
  - .claude/skills/xlsx
  content_hash: sha256:0298046fc0f4dc458e46a275d981178f506f1f53a32eaa351bfce7433478f578
- repo_url: mattpocock/skills
  host: github.com
  resolved_commit: b843cb5ea74b1fe5e58a0fc23cddef9e66076fb8
  package_type: marketplace_plugin
  deployed_files:
  - .claude/skills/caveman
  - .claude/skills/diagnose
  - .claude/skills/grill-me
  - .claude/skills/grill-with-docs
  - .claude/skills/improve-codebase-architecture
  - .claude/skills/setup-matt-pocock-skills
  - .claude/skills/tdd
  - .claude/skills/to-issues
  - .claude/skills/to-prd
  - .claude/skills/triage
  - .claude/skills/write-a-skill
  - .claude/skills/zoom-out
  content_hash: sha256:12328775f9d51e2a7376a9e97692fb67b7597ef96a39bdff41c36d0189af2344
- repo_url: obra/superpowers
  host: github.com
  resolved_commit: e7a2d16476bf042e9add4699c9d018a90f86e4a6
  package_type: marketplace_plugin
  deployed_files:
  - .claude/agents/code-reviewer.md
  - .claude/commands/brainstorm.md
  - .claude/commands/execute-plan.md
  - .claude/commands/write-plan.md
  - .claude/skills/brainstorming
  - .claude/skills/dispatching-parallel-agents
  - .claude/skills/executing-plans
  - .claude/skills/finishing-a-development-branch
  - .claude/skills/receiving-code-review
  - .claude/skills/requesting-code-review
  - .claude/skills/subagent-driven-development
  - .claude/skills/systematic-debugging
  - .claude/skills/test-driven-development
  - .claude/skills/using-git-worktrees
  - .claude/skills/using-superpowers
  - .claude/skills/verification-before-completion
  - .claude/skills/writing-plans
  - .claude/skills/writing-skills
  deployed_file_hashes:
    .claude/agents/code-reviewer.md: sha256:b17be291994b798cf34b74c5d0afcb9da92dd466453557933161cc4e7332029d
    .claude/commands/brainstorm.md: sha256:a4d0fa13d2ddde166dc787cf2b6e82ad405faf3672688fe4912577c93b0735e1
    .claude/commands/execute-plan.md: sha256:a7451e57675741c5e5a026027c4e1d736e9052b5736a9fb1276657a8bc5dccd6
    .claude/commands/write-plan.md: sha256:a5af69db689faeb4ad7ce2252e3606255b8f6a7f16bb0b56b78864410b972235
  content_hash: sha256:f166779017700a2c801acf5da46d6b925b536666e995e0c7917995a4c28d89c7
- repo_url: pbakaus/impeccable
  host: github.com
  resolved_commit: a312da5ec73b83b42b3a1f9e90fcdbccd4a6b539
  package_type: marketplace_plugin
  deployed_files:
  - .claude/skills/impeccable
  content_hash: sha256:8be78fd636732c5b26308b6b55db595b5b6f97d9b835033d3b173dee779a09b6
- repo_url: thedotmack/claude-mem
  host: github.com
  resolved_commit: 28b40c05f2e1316948453b10e4feecce01817b6c
  package_type: marketplace_plugin
  content_hash: sha256:f77bf24297cc9c1477fce907d0211edc0a524b297e522649e1dcb47209071efd
- repo_url: tuandinh0801/hookify-plus
  host: github.com
  resolved_commit: 48a8b31d7ebbe7698e8c52995636a3aa427e1acf
  package_type: marketplace_plugin
  deployed_files:
  - .claude/commands/configure.md
  - .claude/commands/help.md
  - .claude/commands/hookify.md
  - .claude/commands/list.md
  - .claude/skills/writing-rules
  deployed_file_hashes:
    .claude/commands/configure.md: sha256:b2d8249cb52e6ea583f74463fb4ddabd131dbe1dec4a64f261dfa9aca8de8731
    .claude/commands/help.md: sha256:f93dad84b6f141d93f32b27a87a1ca5991092cce7f8cf8248deea9e468d0c08e
    .claude/commands/hookify.md: sha256:fcaa2c7c061b082bfd67c56d463ecd196fe5afbee1554a4d40f99cd61075efe4
    .claude/commands/list.md: sha256:db610c1b5893d74e0f96de391d7a7012ced82c39d03a86ab2e50f7afcc732703
  content_hash: sha256:f7cf4999c2d70a4d36e8a4ab47c3b36d9adac00aaecab220030cee1f2aa25e7e
mcp_servers:
- io.github.upstash/context7
mcp_configs:
  io.github.upstash/context7:
    name: io.github.upstash/context7
