lockfile_version: '1'
generated_at: '2026-05-02T05:28:05.911264+00:00'
apm_version: 0.11.0
dependencies:
- repo_url: JuliusBrussee/caveman
  host: github.com
  resolved_commit: ef6050c5e1848b6880ff47c32ade1a608a64f85e
  package_type: marketplace_plugin
  deployed_files:
  - .github/agents/cavecrew-builder.agent.md
  - .github/agents/cavecrew-investigator.agent.md
  - .github/agents/cavecrew-reviewer.agent.md
  - .github/hooks/caveman-hooks.json
  - .github/hooks/caveman-package.json
  - .github/skills/cavecrew
  - .github/skills/caveman
  - .github/skills/caveman-commit
  - .github/skills/caveman-help
  - .github/skills/caveman-review
  - .github/skills/caveman-stats
  - .github/skills/compress
  deployed_file_hashes:
    .github/agents/cavecrew-builder.agent.md: sha256:d7f68a923779f04a59410f09ee48adf3edc4673301b19960059278339775a32b
    .github/agents/cavecrew-investigator.agent.md: sha256:66239d2a35456d6d17a320f863dadedd31522d6860c9a7a3d235e85720e6721f
    .github/agents/cavecrew-reviewer.agent.md: sha256:d1e07f832a6d20817b9bbae4d7b442d3fba4b42b68e535f851c83bb2517ad2d6
    .github/hooks/caveman-hooks.json: sha256:1f8aafa06bb744dd423e6c30f5783cec5cd3b3cca47c63b6e213161b2d767994
    .github/hooks/caveman-package.json: sha256:8005a3491db7d92f36ac66369861589f9c47123d3a7c71e643fc2c06168cd45a
  content_hash: sha256:162dea9f9751f5d459111558c698db087e7c90ac920b3c62c8703cc7ecb379ad
- repo_url: adrozdenko/hookify-plus
  host: github.com
  resolved_commit: 13938b9b0b0ed81664080f607ea9737a115cb364
  package_type: marketplace_plugin
  deployed_files:
  - .github/agents/conversation-analyzer.agent.md
  - .github/hooks/hookify-plus-hooks.json
  - .github/prompts/configure.prompt.md
  - .github/prompts/help.prompt.md
  - .github/prompts/hookify.prompt.md
  - .github/prompts/list.prompt.md
  - .github/skills/writing-rules
  deployed_file_hashes:
    .github/agents/conversation-analyzer.agent.md: sha256:535ec8acb55b51bfac83a54f5f5c70746a52adb7a0b785e9be0e376c7e2eb12c
    .github/hooks/hookify-plus-hooks.json: sha256:d60651c94a42751d75db2f930faf083302acb45db9a7d8f4a5f6878f71537298
  content_hash: sha256:eef4c785eac5d789214ea9097b3d3e982eb347f6cba2b4cd50db8c92b63a78dd
- repo_url: anthropics/claude-plugins-official
  host: github.com
  resolved_commit: b392f51899343f35a203260a4b344803de236d13
  virtual_path: plugins/pr-review-toolkit
  is_virtual: true
  package_type: marketplace_plugin
  deployed_files:
  - .github/agents/code-reviewer.agent.md
  - .github/agents/code-simplifier.agent.md
  - .github/agents/comment-analyzer.agent.md
  - .github/agents/pr-test-analyzer.agent.md
  - .github/agents/silent-failure-hunter.agent.md
  - .github/agents/type-design-analyzer.agent.md
  - .github/prompts/review-pr.prompt.md
  deployed_file_hashes:
    .github/agents/code-reviewer.agent.md: sha256:b17be291994b798cf34b74c5d0afcb9da92dd466453557933161cc4e7332029d
    .github/agents/code-simplifier.agent.md: sha256:976ddb22b84bc5a714216531a75db5e73169554add6b953442beeedb49b56891
    .github/agents/comment-analyzer.agent.md: sha256:4a9c1f2eb8234a4b9231983e75739663d512e1aed242388964a165a719b84698
    .github/agents/pr-test-analyzer.agent.md: sha256:fcb1cde9ba7b21694b508766a8d6a79bc91bed9982f828f816210059934f46b4
    .github/agents/silent-failure-hunter.agent.md: sha256:fa9b0daec5a267e7e66435cc48b3328301fc9f70c3af259fe248881327a1babc
    .github/agents/type-design-analyzer.agent.md: sha256:c1cf67843d3c4fd27ddf6b24aa92521414b16c01610e7f7e87212c7b8681198d
    .github/prompts/review-pr.prompt.md: sha256:5e70c17293a044e1bf9d092c80b5da8b4fd5802ebb07dc53993dec4ba7ce2fc4
  content_hash: sha256:2392daf476b08011e78a8d1f44d0fabe992e3282e5f9f41beb56bb263476917a
- repo_url: anthropics/skills
  host: github.com
  resolved_commit: 5128e1865d670f5d6c9cef000e6dfc4e951fb5b9
  package_type: marketplace_plugin
  deployed_files:
  - .github/skills/algorithmic-art
  - .github/skills/brand-guidelines
  - .github/skills/canvas-design
  - .github/skills/claude-api
  - .github/skills/doc-coauthoring
  - .github/skills/docx
  - .github/skills/frontend-design
  - .github/skills/internal-comms
  - .github/skills/mcp-builder
  - .github/skills/pdf
  - .github/skills/pptx
  - .github/skills/skill-creator
  - .github/skills/slack-gif-creator
  - .github/skills/theme-factory
  - .github/skills/web-artifacts-builder
  - .github/skills/webapp-testing
  - .github/skills/xlsx
  content_hash: sha256:0298046fc0f4dc458e46a275d981178f506f1f53a32eaa351bfce7433478f578
- repo_url: obra/superpowers
  host: github.com
  resolved_commit: e7a2d16476bf042e9add4699c9d018a90f86e4a6
  package_type: marketplace_plugin
  deployed_files:
  - .github/agents/code-reviewer.agent.md
  - .github/hooks/superpowers-hooks-cursor.json
  - .github/hooks/superpowers-hooks-cursor.json
  - .github/hooks/superpowers-hooks.json
  - .github/hooks/superpowers-hooks.json
  - .github/prompts/brainstorm.prompt.md
  - .github/prompts/execute-plan.prompt.md
  - .github/prompts/write-plan.prompt.md
  - .github/skills/brainstorming
  - .github/skills/dispatching-parallel-agents
  - .github/skills/executing-plans
  - .github/skills/finishing-a-development-branch
  - .github/skills/receiving-code-review
  - .github/skills/requesting-code-review
  - .github/skills/subagent-driven-development
  - .github/skills/systematic-debugging
  - .github/skills/test-driven-development
  - .github/skills/using-git-worktrees
  - .github/skills/using-superpowers
  - .github/skills/verification-before-completion
  - .github/skills/writing-plans
  - .github/skills/writing-skills
  deployed_file_hashes:
    .github/agents/code-reviewer.agent.md: sha256:b17be291994b798cf34b74c5d0afcb9da92dd466453557933161cc4e7332029d
    .github/hooks/superpowers-hooks-cursor.json: sha256:7ea8854c2b2b1ab21ede07575c4d8a624e877f4880cdeab13b66bcf8ac5653d9
    .github/hooks/superpowers-hooks.json: sha256:01616c57b96cc234cc984e77d2fc241dfd0e0bfacda54fe54589cd669a0d998e
    .github/prompts/brainstorm.prompt.md: sha256:9c8219cf19f34a002766132800666f196afc2ff09befa1afa5726426ee3ee6c8
    .github/prompts/execute-plan.prompt.md: sha256:622568a30dc85e7f57a32d581bfad17ca138c141d8fd6a184b7d9e848abd4035
    .github/prompts/write-plan.prompt.md: sha256:1a932a02e5115234fa83a4a248ea744d64ed4688fa0f74613f7400d97dcd82cc
  content_hash: sha256:f166779017700a2c801acf5da46d6b925b536666e995e0c7917995a4c28d89c7
- repo_url: pbakaus/impeccable
  host: github.com
  resolved_commit: a312da5ec73b83b42b3a1f9e90fcdbccd4a6b539
  package_type: marketplace_plugin
  deployed_files:
  - .github/skills/impeccable
  content_hash: sha256:8be78fd636732c5b26308b6b55db595b5b6f97d9b835033d3b173dee779a09b6
- repo_url: thedotmack/claude-mem
  host: github.com
  resolved_commit: 28b40c05f2e1316948453b10e4feecce01817b6c
  package_type: marketplace_plugin
  content_hash: sha256:f77bf24297cc9c1477fce907d0211edc0a524b297e522649e1dcb47209071efd
